// !$*UTF8*$!
{
	archiveVersion = 1;
	classes = {
	};
	objectVersion = 55;
	objects = {

/* Begin PBXBuildFile section */
		B494361D27A39C860077574E /* AppDelegate.swift in Sources */ = {isa = PBXBuildFile; fileRef = B494361C27A39C860077574E /* AppDelegate.swift */; };
		B494361F27A39C860077574E /* SceneDelegate.swift in Sources */ = {isa = PBXBuildFile; fileRef = B494361E27A39C860077574E /* SceneDelegate.swift */; };
		B494362627A39C870077574E /* Assets.xcassets in Resources */ = {isa = PBXBuildFile; fileRef = B494362527A39C870077574E /* Assets.xcassets */; };
		B494362927A39C870077574E /* LaunchScreen.storyboard in Resources */ = {isa = PBXBuildFile; fileRef = B494362727A39C870077574E /* LaunchScreen.storyboard */; };
		B494363327A39E440077574E /* Router.swift in Sources */ = {isa = PBXBuildFile; fileRef = B494363227A39E440077574E /* Router.swift */; };
		B494363527A39EF00077574E /* Coordinator.swift in Sources */ = {isa = PBXBuildFile; fileRef = B494363427A39EF00077574E /* Coordinator.swift */; };
		B494363727A39F830077574E /* SceneRouter.swift in Sources */ = {isa = PBXBuildFile; fileRef = B494363627A39F830077574E /* SceneRouter.swift */; };
		B494363927A3A0240077574E /* SceneCoordinator.swift in Sources */ = {isa = PBXBuildFile; fileRef = B494363827A3A0240077574E /* SceneCoordinator.swift */; };
		B494363B27A3A6DF0077574E /* TabBarRouter.swift in Sources */ = {isa = PBXBuildFile; fileRef = B494363A27A3A6DF0077574E /* TabBarRouter.swift */; };
		B494363D27A3A8930077574E /* CoreScreenTabBarCoordinator.swift in Sources */ = {isa = PBXBuildFile; fileRef = B494363C27A3A8930077574E /* CoreScreenTabBarCoordinator.swift */; };
		B494363F27A3ADCD0077574E /* NavigationRouter.swift in Sources */ = {isa = PBXBuildFile; fileRef = B494363E27A3ADCD0077574E /* NavigationRouter.swift */; };
		B494364127A3B1EA0077574E /* HomeCoordinator.swift in Sources */ = {isa = PBXBuildFile; fileRef = B494364027A3B1EA0077574E /* HomeCoordinator.swift */; };
		B494364327A3B1F60077574E /* DepositWithdrawalCoordinator.swift in Sources */ = {isa = PBXBuildFile; fileRef = B494364227A3B1F60077574E /* DepositWithdrawalCoordinator.swift */; };
		B494364727A3B32C0077574E /* CryptoCurrencyListViewController.swift in Sources */ = {isa = PBXBuildFile; fileRef = B494364627A3B32C0077574E /* CryptoCurrencyListViewController.swift */; };
		B494364927A3B3540077574E /* DepositWithdrawalViewController.swift in Sources */ = {isa = PBXBuildFile; fileRef = B494364827A3B3540077574E /* DepositWithdrawalViewController.swift */; };
		B494364C27A3BB7B0077574E /* Constants.swift in Sources */ = {isa = PBXBuildFile; fileRef = B494364B27A3BB7B0077574E /* Constants.swift */; };
/* End PBXBuildFile section */

/* Begin PBXFileReference section */
		B494361927A39C860077574E /* HoBit.app */ = {isa = PBXFileReference; explicitFileType = wrapper.application; includeInIndex = 0; path = HoBit.app; sourceTree = BUILT_PRODUCTS_DIR; };
		B494361C27A39C860077574E /* AppDelegate.swift */ = {isa = PBXFileReference; lastKnownFileType = sourcecode.swift; path = AppDelegate.swift; sourceTree = "<group>"; };
		B494361E27A39C860077574E /* SceneDelegate.swift */ = {isa = PBXFileReference; lastKnownFileType = sourcecode.swift; path = SceneDelegate.swift; sourceTree = "<group>"; };
		B494362527A39C870077574E /* Assets.xcassets */ = {isa = PBXFileReference; lastKnownFileType = folder.assetcatalog; path = Assets.xcassets; sourceTree = "<group>"; };
		B494362827A39C870077574E /* Base */ = {isa = PBXFileReference; lastKnownFileType = file.storyboard; name = Base; path = Base.lproj/LaunchScreen.storyboard; sourceTree = "<group>"; };
		B494362A27A39C870077574E /* Info.plist */ = {isa = PBXFileReference; lastKnownFileType = text.plist.xml; path = Info.plist; sourceTree = "<group>"; };
		B494363227A39E440077574E /* Router.swift */ = {isa = PBXFileReference; lastKnownFileType = sourcecode.swift; path = Router.swift; sourceTree = "<group>"; };
		B494363427A39EF00077574E /* Coordinator.swift */ = {isa = PBXFileReference; lastKnownFileType = sourcecode.swift; path = Coordinator.swift; sourceTree = "<group>"; };
		B494363627A39F830077574E /* SceneRouter.swift */ = {isa = PBXFileReference; lastKnownFileType = sourcecode.swift; path = SceneRouter.swift; sourceTree = "<group>"; };
		B494363827A3A0240077574E /* SceneCoordinator.swift */ = {isa = PBXFileReference; lastKnownFileType = sourcecode.swift; path = SceneCoordinator.swift; sourceTree = "<group>"; };
		B494363A27A3A6DF0077574E /* TabBarRouter.swift */ = {isa = PBXFileReference; lastKnownFileType = sourcecode.swift; path = TabBarRouter.swift; sourceTree = "<group>"; };
		B494363C27A3A8930077574E /* CoreScreenTabBarCoordinator.swift */ = {isa = PBXFileReference; lastKnownFileType = sourcecode.swift; path = CoreScreenTabBarCoordinator.swift; sourceTree = "<group>"; };
		B494363E27A3ADCD0077574E /* NavigationRouter.swift */ = {isa = PBXFileReference; lastKnownFileType = sourcecode.swift; path = NavigationRouter.swift; sourceTree = "<group>"; };
		B494364027A3B1EA0077574E /* HomeCoordinator.swift */ = {isa = PBXFileReference; lastKnownFileType = sourcecode.swift; path = HomeCoordinator.swift; sourceTree = "<group>"; };
		B494364227A3B1F60077574E /* DepositWithdrawalCoordinator.swift */ = {isa = PBXFileReference; lastKnownFileType = sourcecode.swift; path = DepositWithdrawalCoordinator.swift; sourceTree = "<group>"; };
		B494364627A3B32C0077574E /* CryptoCurrencyListViewController.swift */ = {isa = PBXFileReference; lastKnownFileType = sourcecode.swift; path = CryptoCurrencyListViewController.swift; sourceTree = "<group>"; };
		B494364827A3B3540077574E /* DepositWithdrawalViewController.swift */ = {isa = PBXFileReference; lastKnownFileType = sourcecode.swift; path = DepositWithdrawalViewController.swift; sourceTree = "<group>"; };
		B494364B27A3BB7B0077574E /* Constants.swift */ = {isa = PBXFileReference; lastKnownFileType = sourcecode.swift; path = Constants.swift; sourceTree = "<group>"; };
/* End PBXFileReference section */

/* Begin PBXFrameworksBuildPhase section */
		B494361627A39C860077574E /* Frameworks */ = {
			isa = PBXFrameworksBuildPhase;
			buildActionMask = 2147483647;
			files = (
			);
			runOnlyForDeploymentPostprocessing = 0;
		};
/* End PBXFrameworksBuildPhase section */

/* Begin PBXGroup section */
		B494361027A39C860077574E = {
			isa = PBXGroup;
			children = (
				B494361B27A39C860077574E /* HoBit */,
				B494361A27A39C860077574E /* Products */,
			);
			sourceTree = "<group>";
		};
		B494361A27A39C860077574E /* Products */ = {
			isa = PBXGroup;
			children = (
				B494361927A39C860077574E /* HoBit.app */,
			);
			name = Products;
			sourceTree = "<group>";
		};
		B494361B27A39C860077574E /* HoBit */ = {
			isa = PBXGroup;
			children = (
				B494364A27A3BB750077574E /* Utils */,
				B494364527A3B2FD0077574E /* ViewControllers */,
				B494363127A39E330077574E /* Routers */,
				B494363027A39E2F0077574E /* Coordinators */,
				B494361C27A39C860077574E /* AppDelegate.swift */,
				B494361E27A39C860077574E /* SceneDelegate.swift */,
				B494362527A39C870077574E /* Assets.xcassets */,
				B494362727A39C870077574E /* LaunchScreen.storyboard */,
				B494362A27A39C870077574E /* Info.plist */,
			);
			path = HoBit;
			sourceTree = "<group>";
		};
		B494363027A39E2F0077574E /* Coordinators */ = {
			isa = PBXGroup;
			children = (
				B494364427A3B1F80077574E /* CoreCoordinators */,
				B494363427A39EF00077574E /* Coordinator.swift */,
				B494363827A3A0240077574E /* SceneCoordinator.swift */,
				B494363C27A3A8930077574E /* CoreScreenTabBarCoordinator.swift */,
			);
			path = Coordinators;
			sourceTree = "<group>";
		};
		B494363127A39E330077574E /* Routers */ = {
			isa = PBXGroup;
			children = (
				B494363227A39E440077574E /* Router.swift */,
				B494363627A39F830077574E /* SceneRouter.swift */,
				B494363A27A3A6DF0077574E /* TabBarRouter.swift */,
				B494363E27A3ADCD0077574E /* NavigationRouter.swift */,
			);
			path = Routers;
			sourceTree = "<group>";
		};
		B494364427A3B1F80077574E /* CoreCoordinators */ = {
			isa = PBXGroup;
			children = (
				B494364027A3B1EA0077574E /* HomeCoordinator.swift */,
				B494364227A3B1F60077574E /* DepositWithdrawalCoordinator.swift */,
			);
			path = CoreCoordinators;
			sourceTree = "<group>";
		};
		B494364527A3B2FD0077574E /* ViewControllers */ = {
			isa = PBXGroup;
			children = (
				B494364627A3B32C0077574E /* CryptoCurrencyListViewController.swift */,
				B494364827A3B3540077574E /* DepositWithdrawalViewController.swift */,
			);
			path = ViewControllers;
			sourceTree = "<group>";
		};
		B494364A27A3BB750077574E /* Utils */ = {
			isa = PBXGroup;
			children = (
				B494364B27A3BB7B0077574E /* Constants.swift */,
			);
			path = Utils;
			sourceTree = "<group>";
		};
/* End PBXGroup section */

/* Begin PBXNativeTarget section */
		B494361827A39C860077574E /* HoBit */ = {
			isa = PBXNativeTarget;
			buildConfigurationList = B494362D27A39C870077574E /* Build configuration list for PBXNativeTarget "HoBit" */;
			buildPhases = (
				B494361527A39C860077574E /* Sources */,
				B494361627A39C860077574E /* Frameworks */,
				B494361727A39C860077574E /* Resources */,
			);
			buildRules = (
			);
			dependencies = (
			);
			name = HoBit;
			productName = HoBit;
			productReference = B494361927A39C860077574E /* HoBit.app */;
			productType = "com.apple.product-type.application";
		};
/* End PBXNativeTarget section */

/* Begin PBXProject section */
		B494361127A39C860077574E /* Project object */ = {
			isa = PBXProject;
			attributes = {
				BuildIndependentTargetsInParallel = 1;
				LastSwiftUpdateCheck = 1320;
				LastUpgradeCheck = 1320;
				TargetAttributes = {
					B494361827A39C860077574E = {
						CreatedOnToolsVersion = 13.2.1;
					};
				};
			};
			buildConfigurationList = B494361427A39C860077574E /* Build configuration list for PBXProject "HoBit" */;
			compatibilityVersion = "Xcode 13.0";
			developmentRegion = en;
			hasScannedForEncodings = 0;
			knownRegions = (
				en,
				Base,
			);
			mainGroup = B494361027A39C860077574E;
			productRefGroup = B494361A27A39C860077574E /* Products */;
			projectDirPath = "";
			projectRoot = "";
			targets = (
				B494361827A39C860077574E /* HoBit */,
			);
		};
/* End PBXProject section */

/* Begin PBXResourcesBuildPhase section */
		B494361727A39C860077574E /* Resources */ = {
			isa = PBXResourcesBuildPhase;
			buildActionMask = 2147483647;
			files = (
				B494362927A39C870077574E /* LaunchScreen.storyboard in Resources */,
				B494362627A39C870077574E /* Assets.xcassets in Resources */,
			);
			runOnlyForDeploymentPostprocessing = 0;
		};
/* End PBXResourcesBuildPhase section */

/* Begin PBXSourcesBuildPhase section */
		B494361527A39C860077574E /* Sources */ = {
			isa = PBXSourcesBuildPhase;
			buildActionMask = 2147483647;
			files = (
				B494364327A3B1F60077574E /* DepositWithdrawalCoordinator.swift in Sources */,
				B494363327A39E440077574E /* Router.swift in Sources */,
				B494363727A39F830077574E /* SceneRouter.swift in Sources */,
				B494363B27A3A6DF0077574E /* TabBarRouter.swift in Sources */,
				B494363D27A3A8930077574E /* CoreScreenTabBarCoordinator.swift in Sources */,
				B494364927A3B3540077574E /* DepositWithdrawalViewController.swift in Sources */,
				B494364727A3B32C0077574E /* CryptoCurrencyListViewController.swift in Sources */,
				B494363527A39EF00077574E /* Coordinator.swift in Sources */,
				B494361D27A39C860077574E /* AppDelegate.swift in Sources */,
				B494363927A3A0240077574E /* SceneCoordinator.swift in Sources */,
				B494363F27A3ADCD0077574E /* NavigationRouter.swift in Sources */,
				B494364C27A3BB7B0077574E /* Constants.swift in Sources */,
				B494361F27A39C860077574E /* SceneDelegate.swift in Sources */,
				B494364127A3B1EA0077574E /* HomeCoordinator.swift in Sources */,
			);
			runOnlyForDeploymentPostprocessing = 0;
		};
/* End PBXSourcesBuildPhase section */

/* Begin PBXVariantGroup section */
		B494362727A39C870077574E /* LaunchScreen.storyboard */ = {
			isa = PBXVariantGroup;
			children = (
				B494362827A39C870077574E /* Base */,
			);
			name = LaunchScreen.storyboard;
			sourceTree = "<group>";
		};
/* End PBXVariantGroup section */

/* Begin XCBuildConfiguration section */
		B494362B27A39C870077574E /* Debug */ = {
			isa = XCBuildConfiguration;
			buildSettings = {
				ALWAYS_SEARCH_USER_PATHS = NO;
				CLANG_ANALYZER_NONNULL = YES;
				CLANG_ANALYZER_NUMBER_OBJECT_CONVERSION = YES_AGGRESSIVE;
				CLANG_CXX_LANGUAGE_STANDARD = "gnu++17";
				CLANG_CXX_LIBRARY = "libc++";
				CLANG_ENABLE_MODULES = YES;
				CLANG_ENABLE_OBJC_ARC = YES;
				CLANG_ENABLE_OBJC_WEAK = YES;
				CLANG_WARN_BLOCK_CAPTURE_AUTORELEASING = YES;
				CLANG_WARN_BOOL_CONVERSION = YES;
				CLANG_WARN_COMMA = YES;
				CLANG_WARN_CONSTANT_CONVERSION = YES;
				CLANG_WARN_DEPRECATED_OBJC_IMPLEMENTATIONS = YES;
				CLANG_WARN_DIRECT_OBJC_ISA_USAGE = YES_ERROR;
				CLANG_WARN_DOCUMENTATION_COMMENTS = YES;
				CLANG_WARN_EMPTY_BODY = YES;
				CLANG_WARN_ENUM_CONVERSION = YES;
				CLANG_WARN_INFINITE_RECURSION = YES;
				CLANG_WARN_INT_CONVERSION = YES;
				CLANG_WARN_NON_LITERAL_NULL_CONVERSION = YES;
				CLANG_WARN_OBJC_IMPLICIT_RETAIN_SELF = YES;
				CLANG_WARN_OBJC_LITERAL_CONVERSION = YES;
				CLANG_WARN_OBJC_ROOT_CLASS = YES_ERROR;
				CLANG_WARN_QUOTED_INCLUDE_IN_FRAMEWORK_HEADER = YES;
				CLANG_WARN_RANGE_LOOP_ANALYSIS = YES;
				CLANG_WARN_STRICT_PROTOTYPES = YES;
				CLANG_WARN_SUSPICIOUS_MOVE = YES;
				CLANG_WARN_UNGUARDED_AVAILABILITY = YES_AGGRESSIVE;
				CLANG_WARN_UNREACHABLE_CODE = YES;
				CLANG_WARN__DUPLICATE_METHOD_MATCH = YES;
				COPY_PHASE_STRIP = NO;
				DEBUG_INFORMATION_FORMAT = dwarf;
				ENABLE_STRICT_OBJC_MSGSEND = YES;
				ENABLE_TESTABILITY = YES;
				GCC_C_LANGUAGE_STANDARD = gnu11;
				GCC_DYNAMIC_NO_PIC = NO;
				GCC_NO_COMMON_BLOCKS = YES;
				GCC_OPTIMIZATION_LEVEL = 0;
				GCC_PREPROCESSOR_DEFINITIONS = (
					"DEBUG=1",
					"$(inherited)",
				);
				GCC_WARN_64_TO_32_BIT_CONVERSION = YES;
				GCC_WARN_ABOUT_RETURN_TYPE = YES_ERROR;
				GCC_WARN_UNDECLARED_SELECTOR = YES;
				GCC_WARN_UNINITIALIZED_AUTOS = YES_AGGRESSIVE;
				GCC_WARN_UNUSED_FUNCTION = YES;
				GCC_WARN_UNUSED_VARIABLE = YES;
				IPHONEOS_DEPLOYMENT_TARGET = 15.2;
				MTL_ENABLE_DEBUG_INFO = INCLUDE_SOURCE;
				MTL_FAST_MATH = YES;
				ONLY_ACTIVE_ARCH = YES;
				SDKROOT = iphoneos;
				SWIFT_ACTIVE_COMPILATION_CONDITIONS = DEBUG;
				SWIFT_OPTIMIZATION_LEVEL = "-Onone";
			};
			name = Debug;
		};
		B494362C27A39C870077574E /* Release */ = {
			isa = XCBuildConfiguration;
			buildSettings = {
				ALWAYS_SEARCH_USER_PATHS = NO;
				CLANG_ANALYZER_NONNULL = YES;
				CLANG_ANALYZER_NUMBER_OBJECT_CONVERSION = YES_AGGRESSIVE;
				CLANG_CXX_LANGUAGE_STANDARD = "gnu++17";
				CLANG_CXX_LIBRARY = "libc++";
				CLANG_ENABLE_MODULES = YES;
				CLANG_ENABLE_OBJC_ARC = YES;
				CLANG_ENABLE_OBJC_WEAK = YES;
				CLANG_WARN_BLOCK_CAPTURE_AUTORELEASING = YES;
				CLANG_WARN_BOOL_CONVERSION = YES;
				CLANG_WARN_COMMA = YES;
				CLANG_WARN_CONSTANT_CONVERSION = YES;
				CLANG_WARN_DEPRECATED_OBJC_IMPLEMENTATIONS = YES;
				CLANG_WARN_DIRECT_OBJC_ISA_USAGE = YES_ERROR;
				CLANG_WARN_DOCUMENTATION_COMMENTS = YES;
				CLANG_WARN_EMPTY_BODY = YES;
				CLANG_WARN_ENUM_CONVERSION = YES;
				CLANG_WARN_INFINITE_RECURSION = YES;
				CLANG_WARN_INT_CONVERSION = YES;
				CLANG_WARN_NON_LITERAL_NULL_CONVERSION = YES;
				CLANG_WARN_OBJC_IMPLICIT_RETAIN_SELF = YES;
				CLANG_WARN_OBJC_LITERAL_CONVERSION = YES;
				CLANG_WARN_OBJC_ROOT_CLASS = YES_ERROR;
				CLANG_WARN_QUOTED_INCLUDE_IN_FRAMEWORK_HEADER = YES;
				CLANG_WARN_RANGE_LOOP_ANALYSIS = YES;
				CLANG_WARN_STRICT_PROTOTYPES = YES;
				CLANG_WARN_SUSPICIOUS_MOVE = YES;
				CLANG_WARN_UNGUARDED_AVAILABILITY = YES_AGGRESSIVE;
				CLANG_WARN_UNREACHABLE_CODE = YES;
				CLANG_WARN__DUPLICATE_METHOD_MATCH = YES;
				COPY_PHASE_STRIP = NO;
				DEBUG_INFORMATION_FORMAT = "dwarf-with-dsym";
				ENABLE_NS_ASSERTIONS = NO;
				ENABLE_STRICT_OBJC_MSGSEND = YES;
				GCC_C_LANGUAGE_STANDARD = gnu11;
				GCC_NO_COMMON_BLOCKS = YES;
				GCC_WARN_64_TO_32_BIT_CONVERSION = YES;
				GCC_WARN_ABOUT_RETURN_TYPE = YES_ERROR;
				GCC_WARN_UNDECLARED_SELECTOR = YES;
				GCC_WARN_UNINITIALIZED_AUTOS = YES_AGGRESSIVE;
				GCC_WARN_UNUSED_FUNCTION = YES;
				GCC_WARN_UNUSED_VARIABLE = YES;
				IPHONEOS_DEPLOYMENT_TARGET = 15.2;
				MTL_ENABLE_DEBUG_INFO = NO;
				MTL_FAST_MATH = YES;
				SDKROOT = iphoneos;
				SWIFT_COMPILATION_MODE = wholemodule;
				SWIFT_OPTIMIZATION_LEVEL = "-O";
				VALIDATE_PRODUCT = YES;
			};
			name = Release;
		};
		B494362E27A39C870077574E /* Debug */ = {
			isa = XCBuildConfiguration;
			buildSettings = {
				ASSETCATALOG_COMPILER_APPICON_NAME = AppIcon;
				ASSETCATALOG_COMPILER_GLOBAL_ACCENT_COLOR_NAME = AccentColor;
				CODE_SIGN_STYLE = Automatic;
				CURRENT_PROJECT_VERSION = 1;
				DEVELOPMENT_TEAM = SK9D9HK9A2;
				GENERATE_INFOPLIST_FILE = YES;
				INFOPLIST_FILE = HoBit/Info.plist;
				INFOPLIST_KEY_UIApplicationSupportsIndirectInputEvents = YES;
				INFOPLIST_KEY_UILaunchStoryboardName = LaunchScreen;
				INFOPLIST_KEY_UISupportedInterfaceOrientations_iPad = "UIInterfaceOrientationPortrait UIInterfaceOrientationPortraitUpsideDown UIInterfaceOrientationLandscapeLeft UIInterfaceOrientationLandscapeRight";
				INFOPLIST_KEY_UISupportedInterfaceOrientations_iPhone = "UIInterfaceOrientationPortrait UIInterfaceOrientationLandscapeLeft UIInterfaceOrientationLandscapeRight";
				IPHONEOS_DEPLOYMENT_TARGET = 13.0;
				LD_RUNPATH_SEARCH_PATHS = (
					"$(inherited)",
					"@executable_path/Frameworks",
				);
				MARKETING_VERSION = 1.0;
				PRODUCT_BUNDLE_IDENTIFIER = com.howift.HoBit;
				PRODUCT_NAME = "$(TARGET_NAME)";
				SWIFT_EMIT_LOC_STRINGS = YES;
				SWIFT_VERSION = 5.0;
				TARGETED_DEVICE_FAMILY = "1,2";
			};
			name = Debug;
		};
		B494362F27A39C870077574E /* Release */ = {
			isa = XCBuildConfiguration;
			buildSettings = {
				ASSETCATALOG_COMPILER_APPICON_NAME = AppIcon;
				ASSETCATALOG_COMPILER_GLOBAL_ACCENT_COLOR_NAME = AccentColor;
				CODE_SIGN_STYLE = Automatic;
				CURRENT_PROJECT_VERSION = 1;
				DEVELOPMENT_TEAM = SK9D9HK9A2;
				GENERATE_INFOPLIST_FILE = YES;
				INFOPLIST_FILE = HoBit/Info.plist;
				INFOPLIST_KEY_UIApplicationSupportsIndirectInputEvents = YES;
				INFOPLIST_KEY_UILaunchStoryboardName = LaunchScreen;
				INFOPLIST_KEY_UISupportedInterfaceOrientations_iPad = "UIInterfaceOrientationPortrait UIInterfaceOrientationPortraitUpsideDown UIInterfaceOrientationLandscapeLeft UIInterfaceOrientationLandscapeRight";
				INFOPLIST_KEY_UISupportedInterfaceOrientations_iPhone = "UIInterfaceOrientationPortrait UIInterfaceOrientationLandscapeLeft UIInterfaceOrientationLandscapeRight";
				IPHONEOS_DEPLOYMENT_TARGET = 13.0;
				LD_RUNPATH_SEARCH_PATHS = (
					"$(inherited)",
					"@executable_path/Frameworks",
				);
				MARKETING_VERSION = 1.0;
				PRODUCT_BUNDLE_IDENTIFIER = com.howift.HoBit;
				PRODUCT_NAME = "$(TARGET_NAME)";
				SWIFT_EMIT_LOC_STRINGS = YES;
				SWIFT_VERSION = 5.0;
				TARGETED_DEVICE_FAMILY = "1,2";
			};
			name = Release;
		};
/* End XCBuildConfiguration section */

/* Begin XCConfigurationList section */
		B494361427A39C860077574E /* Build configuration list for PBXProject "HoBit" */ = {
			isa = XCConfigurationList;
			buildConfigurations = (
				B494362B27A39C870077574E /* Debug */,
				B494362C27A39C870077574E /* Release */,
			);
			defaultConfigurationIsVisible = 0;
			defaultConfigurationName = Release;
		};
		B494362D27A39C870077574E /* Build configuration list for PBXNativeTarget "HoBit" */ = {
			isa = XCConfigurationList;
			buildConfigurations = (
				B494362E27A39C870077574E /* Debug */,
				B494362F27A39C870077574E /* Release */,
			);
			defaultConfigurationIsVisible = 0;
			defaultConfigurationName = Release;
		};
/* End XCConfigurationList section */
	};
	rootObject = B494361127A39C860077574E /* Project object */;
}
